PODS:
  - Alamofire (5.6.1)
  - Bulletin (1.3.0):
    - Espresso (~> 2.2.0)
  - BusyNavigationBar (2.0.0)
  - collection-view-layouts/Core (0.2.2)
  - collection-view-layouts/TagsLayout (0.2.2):
    - collection-view-layouts/Core
  - Device (3.2.1)
  - Director (1.0.6):
    - Director/Core (= 1.0.6)
  - Director/Core (1.0.6)
  - Espresso (2.2.4):
    - Espresso/Core (= 2.2.4)
  - Espresso/Core (2.2.4):
    - Director (~> 1.0.0)
    - SnapKit (~> 5.0.0)
  - Google-Maps-iOS-Utils (4.1.0):
    - Google-Maps-iOS-Utils/Clustering (= 4.1.0)
    - Google-Maps-iOS-Utils/Geometry (= 4.1.0)
    - Google-Maps-iOS-Utils/GeometryUtils (= 4.1.0)
    - Google-Maps-iOS-Utils/Heatmap (= 4.1.0)
    - Google-Maps-iOS-Utils/QuadTree (= 4.1.0)
    - GoogleMaps
  - Google-Maps-iOS-Utils/Clustering (4.1.0):
    - Google-Maps-iOS-Utils/QuadTree
    - GoogleMaps
  - Google-Maps-iOS-Utils/Geometry (4.1.0):
    - GoogleMaps
  - Google-Maps-iOS-Utils/GeometryUtils (4.1.0):
    - GoogleMaps
  - Google-Maps-iOS-Utils/Heatmap (4.1.0):
    - Google-Maps-iOS-Utils/QuadTree
    - GoogleMaps
  - Google-Maps-iOS-Utils/QuadTree (4.1.0):
    - GoogleMaps
  - GoogleMaps (6.1.1):
    - GoogleMaps/Maps (= 6.1.1)
  - GoogleMaps/Base (6.1.1)
  - GoogleMaps/Maps (6.1.1):
    - GoogleMaps/Base
  - KeychainAccess (4.2.2)
  - libxlsxwriter (1.1.4)
  - Pageboy (3.6.2)
  - R.swift (6.1.0):
    - R.swift.Library (~> 5.3.0)
  - R.swift.Library (5.3.0)
  - RxCocoa (6.5.0):
    - RxRelay (= 6.5.0)
    - RxSwift (= 6.5.0)
  - RxRelay (6.5.0):
    - RxSwift (= 6.5.0)
  - RxSwift (6.5.0)
  - SnapKit (5.0.1)
  - SPAlert (4.2.0)
  - Squircle (2.2.0)
  - SwiftCSV (0.6.1)
  - Swinject (2.8.1)
  - SwipeCellKit (2.7.1)

DEPENDENCIES:
  - Alamofire
  - Bulletin
  - BusyNavigationBar
  - collection-view-layouts/TagsLayout
  - Device
  - Google-Maps-iOS-Utils
  - KeychainAccess
  - libxlsxwriter
  - Pageboy
  - R.swift
  - RxCocoa
  - RxSwift
  - SPAlert
  - Squircle
  - SwiftCSV
  - Swinject
  - SwipeCellKit

SPEC REPOS:
  trunk:
    - Alamofire
    - Bulletin
    - BusyNavigationBar
    - collection-view-layouts
    - Device
    - Director
    - Espresso
    - Google-Maps-iOS-Utils
    - GoogleMaps
    - KeychainAccess
    - libxlsxwriter
    - Pageboy
    - R.swift
    - R.swift.Library
    - RxCocoa
    - RxRelay
    - RxSwift
    - SnapKit
    - SPAlert
    - Squircle
    - SwiftCSV
    - Swinject
    - SwipeCellKit

SPEC CHECKSUMS:
  Alamofire: 87bd8c952f9a4454320fce00d9cc3de57bcadaf5
  Bulletin: eceb668260e34931808a2f1cea1aaf3f4dfa3fa4
  BusyNavigationBar: b73fd434b95f6198809dcf048b0245ad89ec1b37
  collection-view-layouts: 474ec4cce601a26247737227a97fa6a4eb30213f
  Device: 0738862dd8a30856b4bd9e21cb9b728873d21392
  Director: ed6f4d3b2bc404ff16b83816daf81b18126b6892
  Espresso: a1c57cdd3556ed6fd69e086e8c9682e4c561231d
  Google-Maps-iOS-Utils: 3343332b18dfd5be8f1f44edd7d481ace3da4d9a
  GoogleMaps: 94e6e0851beece6678af9f508f4918b7a7c61722
  KeychainAccess: c0c4f7f38f6fc7bbe58f5702e25f7bd2f65abf51
  libxlsxwriter: f9f040bb01f0aabac1adb09f27c8cf542ae9a044
  Pageboy: cf121b9dd48c63f3f281b2a9ec93d02e0f23879b
  R.swift: ec98ff71c4ab2f6fd01dd077e5afd15e63a4834c
  R.swift.Library: 0fc583cb55a99e28901299cc451614cad1161962
  RxCocoa: 94f817b71c07517321eb4f9ad299112ca8af743b
  RxRelay: 1de1523e604c72b6c68feadedd1af3b1b4d0ecbd
  RxSwift: 5710a9e6b17f3c3d6e40d6e559b9fa1e813b2ef8
  SnapKit: 97b92857e3df3a0c71833cce143274bf6ef8e5eb
  SPAlert: 735da1f16a887e294719217572ce1f936d8c8782
  Squircle: 94bae5770fc84e16b8cf66f3630a563b39ee2544
  SwiftCSV: f0108ec3e85c69ca7d7707645a4d044a222dc10c
  Swinject: 97112918bd7e0785dc2df7036213f3c8cbba6586
  SwipeCellKit: 3972254a826da74609926daf59b08d6c72e619ea

PODFILE CHECKSUM: eab38d335d981b786c8abcea38a1f756786bac8c

COCOAPODS: 1.11.2
